
Microsoft Visual Studio Solution File, Format Version 12.00
# Visual Studio Version 17
VisualStudioVersion = 17.3.32929.385
MinimumVisualStudioVersion = 10.0.40219.1
Project("{9A19103F-16F7-4668-BE54-9A1E7A4F7556}") = "securities_masterdata", "securities_masterdata\securities_masterdata.csproj", "{FC5B185F-DEBF-46D8-B864-9EF757827789}"
EndProject
Project("{9A19103F-16F7-4668-BE54-9A1E7A4F7556}") = "securities_masterdata.Tests", "securities_masterdata.Tests\securities_masterdata.Tests.csproj", "{923A8DB8-35F2-4671-8BC2-A7BB8B639348}"
EndProject
Project("{FAE04EC0-301F-11D3-BF4B-00C04F79EFBC}") = "securities_masterdata.DataAccess", "securities_masterdata.DataAccess\securities_masterdata.DataAccess.csproj", "{DDD36AA0-40D7-4431-9B57-86364DFC2788}"
EndProject
Project("{FAE04EC0-301F-11D3-BF4B-00C04F79EFBC}") = "securities_masterdata.Domain", "securities_masterdata.Domain\securities_masterdata.Domain.csproj", "{116F3B6C-DAAE-4F9D-95F5-46C0E3CA3488}"
EndProject
Project("{2150E333-8FDC-42A3-9474-1A3956D46DE8}") = "Shared", "Shared", "{F4FC477C-426A-4D5E-9A1D-1F4BD4B06F11}"
EndProject
Project("{FAE04EC0-301F-11D3-BF4B-00C04F79EFBC}") = "TTM.Shared", "..\TTM.Shared\TTM.Shared\TTM.Shared.csproj", "{F880A60B-4AF9-4B97-AB4E-F77B4E3BC564}"
EndProject
Global
	GlobalSection(SolutionConfigurationPlatforms) = preSolution
		Debug|Any CPU = Debug|Any CPU
		Release|Any CPU = Release|Any CPU
	EndGlobalSection
	GlobalSection(ProjectConfigurationPlatforms) = postSolution
		{FC5B185F-DEBF-46D8-B864-9EF757827789}.Debug|Any CPU.ActiveCfg = Debug|Any CPU
		{FC5B185F-DEBF-46D8-B864-9EF757827789}.Debug|Any CPU.Build.0 = Debug|Any CPU
		{FC5B185F-DEBF-46D8-B864-9EF757827789}.Release|Any CPU.ActiveCfg = Release|Any CPU
		{FC5B185F-DEBF-46D8-B864-9EF757827789}.Release|Any CPU.Build.0 = Release|Any CPU
		{923A8DB8-35F2-4671-8BC2-A7BB8B639348}.Debug|Any CPU.ActiveCfg = Debug|Any CPU
		{923A8DB8-35F2-4671-8BC2-A7BB8B639348}.Debug|Any CPU.Build.0 = Debug|Any CPU
		{923A8DB8-35F2-4671-8BC2-A7BB8B639348}.Release|Any CPU.ActiveCfg = Release|Any CPU
		{923A8DB8-35F2-4671-8BC2-A7BB8B639348}.Release|Any CPU.Build.0 = Release|Any CPU
		{DDD36AA0-40D7-4431-9B57-86364DFC2788}.Debug|Any CPU.ActiveCfg = Debug|Any CPU
		{DDD36AA0-40D7-4431-9B57-86364DFC2788}.Debug|Any CPU.Build.0 = Debug|Any CPU
		{DDD36AA0-40D7-4431-9B57-86364DFC2788}.Release|Any CPU.ActiveCfg = Release|Any CPU
		{DDD36AA0-40D7-4431-9B57-86364DFC2788}.Release|Any CPU.Build.0 = Release|Any CPU
		{116F3B6C-DAAE-4F9D-95F5-46C0E3CA3488}.Debug|Any CPU.ActiveCfg = Debug|Any CPU
		{116F3B6C-DAAE-4F9D-95F5-46C0E3CA3488}.Debug|Any CPU.Build.0 = Debug|Any CPU
		{116F3B6C-DAAE-4F9D-95F5-46C0E3CA3488}.Release|Any CPU.ActiveCfg = Release|Any CPU
		{116F3B6C-DAAE-4F9D-95F5-46C0E3CA3488}.Release|Any CPU.Build.0 = Release|Any CPU
		{F880A60B-4AF9-4B97-AB4E-F77B4E3BC564}.Debug|Any CPU.ActiveCfg = Debug|Any CPU
		{F880A60B-4AF9-4B97-AB4E-F77B4E3BC564}.Debug|Any CPU.Build.0 = Debug|Any CPU
		{F880A60B-4AF9-4B97-AB4E-F77B4E3BC564}.Release|Any CPU.ActiveCfg = Release|Any CPU
		{F880A60B-4AF9-4B97-AB4E-F77B4E3BC564}.Release|Any CPU.Build.0 = Release|Any CPU
	EndGlobalSection
	GlobalSection(SolutionProperties) = preSolution
		HideSolutionNode = FALSE
	EndGlobalSection
	GlobalSection(ExtensibilityGlobals) = postSolution
		SolutionGuid = {80F3DDC2-94B1-40C2-BF84-1B72F6FDE5F7}
	EndGlobalSection
	GlobalSection(NestedProjects) = preSolution
		{F880A60B-4AF9-4B97-AB4E-F77B4E3BC564} = {F4FC477C-426A-4D5E-9A1D-1F4BD4B06F11}
	EndGlobalSection
EndGlobal
